
Microsoft Visual Studio Solution File, Format Version 12.00
# Visual Studio Version 17
VisualStudioVersion = 17.0.31903.59
MinimumVisualStudioVersion = 10.0.40219.1
Project("{2150E333-8FDC-42A3-9474-1A3956D46DE8}") = "src", "src", "{827E0CD3-B72D-47B6-A68D-7590B98EB39B}"
EndProject
Project("{FAE04EC0-301F-11D3-BF4B-00C04F79EFBC}") = "Portfolio.Api", "src\Portfolio.Api\Portfolio.Api.csproj", "{5E2F29F6-360A-4E3D-B105-C5FAC7280FF7}"
EndProject
Project("{FAE04EC0-301F-11D3-BF4B-00C04F79EFBC}") = "Portfolio.Model", "src\Portfolio.Model\Portfolio.Model.csproj", "{12ED8F87-1F77-4D61-A7F1-F18D0438F53C}"
EndProject
Project("{FAE04EC0-301F-11D3-BF4B-00C04F79EFBC}") = "Portfolio.Interface", "src\Portfolio.Interface\Portfolio.Interface.csproj", "{70613D95-7DF0-487E-91EF-044ECABB58C9}"
EndProject
Project("{FAE04EC0-301F-11D3-BF4B-00C04F79EFBC}") = "Portfolio.Service", "src\Portfolio.Service\Portfolio.Service.csproj", "{A09262DC-9BBB-4B42-B0ED-EC2DDFCA26F2}"
EndProject
Project("{FAE04EC0-301F-11D3-BF4B-00C04F79EFBC}") = "Portfolio.Data", "src\Portfolio.Data\Portfolio.Data.csproj", "{5D212BC4-9825-45E1-AB8D-654A96D4ED44}"
EndProject
Project("{2150E333-8FDC-42A3-9474-1A3956D46DE8}") = "test", "test", "{0C88DD14-F956-CE84-757C-A364CCF449FC}"
EndProject
Project("{FAE04EC0-301F-11D3-BF4B-00C04F79EFBC}") = "Portfolio.Api.Tests", "test\Portfolio.Api.Tests\Portfolio.Api.Tests.csproj", "{88238264-AA01-4B89-A8EF-EFE34656A458}"
EndProject
Global
	GlobalSection(SolutionConfigurationPlatforms) = preSolution
		Debug|Any CPU = Debug|Any CPU
		Debug|x64 = Debug|x64
		Debug|x86 = Debug|x86
		Release|Any CPU = Release|Any CPU
		Release|x64 = Release|x64
		Release|x86 = Release|x86
	EndGlobalSection
	GlobalSection(ProjectConfigurationPlatforms) = postSolution
		{5E2F29F6-360A-4E3D-B105-C5FAC7280FF7}.Debug|Any CPU.ActiveCfg = Debug|Any CPU
		{5E2F29F6-360A-4E3D-B105-C5FAC7280FF7}.Debug|Any CPU.Build.0 = Debug|Any CPU
		{5E2F29F6-360A-4E3D-B105-C5FAC7280FF7}.Debug|x64.ActiveCfg = Debug|Any CPU
		{5E2F29F6-360A-4E3D-B105-C5FAC7280FF7}.Debug|x64.Build.0 = Debug|Any CPU
		{5E2F29F6-360A-4E3D-B105-C5FAC7280FF7}.Debug|x86.ActiveCfg = Debug|Any CPU
		{5E2F29F6-360A-4E3D-B105-C5FAC7280FF7}.Debug|x86.Build.0 = Debug|Any CPU
		{5E2F29F6-360A-4E3D-B105-C5FAC7280FF7}.Release|Any CPU.ActiveCfg = Release|Any CPU
		{5E2F29F6-360A-4E3D-B105-C5FAC7280FF7}.Release|Any CPU.Build.0 = Release|Any CPU
		{5E2F29F6-360A-4E3D-B105-C5FAC7280FF7}.Release|x64.ActiveCfg = Release|Any CPU
		{5E2F29F6-360A-4E3D-B105-C5FAC7280FF7}.Release|x64.Build.0 = Release|Any CPU
		{5E2F29F6-360A-4E3D-B105-C5FAC7280FF7}.Release|x86.ActiveCfg = Release|Any CPU
		{5E2F29F6-360A-4E3D-B105-C5FAC7280FF7}.Release|x86.Build.0 = Release|Any CPU
		{12ED8F87-1F77-4D61-A7F1-F18D0438F53C}.Debug|Any CPU.ActiveCfg = Debug|Any CPU
		{12ED8F87-1F77-4D61-A7F1-F18D0438F53C}.Debug|Any CPU.Build.0 = Debug|Any CPU
		{12ED8F87-1F77-4D61-A7F1-F18D0438F53C}.Debug|x64.ActiveCfg = Debug|Any CPU
		{12ED8F87-1F77-4D61-A7F1-F18D0438F53C}.Debug|x64.Build.0 = Debug|Any CPU
		{12ED8F87-1F77-4D61-A7F1-F18D0438F53C}.Debug|x86.ActiveCfg = Debug|Any CPU
		{12ED8F87-1F77-4D61-A7F1-F18D0438F53C}.Debug|x86.Build.0 = Debug|Any CPU
		{12ED8F87-1F77-4D61-A7F1-F18D0438F53C}.Release|Any CPU.ActiveCfg = Release|Any CPU
		{12ED8F87-1F77-4D61-A7F1-F18D0438F53C}.Release|Any CPU.Build.0 = Release|Any CPU
		{12ED8F87-1F77-4D61-A7F1-F18D0438F53C}.Release|x64.ActiveCfg = Release|Any CPU
		{12ED8F87-1F77-4D61-A7F1-F18D0438F53C}.Release|x64.Build.0 = Release|Any CPU
		{12ED8F87-1F77-4D61-A7F1-F18D0438F53C}.Release|x86.ActiveCfg = Release|Any CPU
		{12ED8F87-1F77-4D61-A7F1-F18D0438F53C}.Release|x86.Build.0 = Release|Any CPU
		{70613D95-7DF0-487E-91EF-044ECABB58C9}.Debug|Any CPU.ActiveCfg = Debug|Any CPU
		{70613D95-7DF0-487E-91EF-044ECABB58C9}.Debug|Any CPU.Build.0 = Debug|Any CPU
		{70613D95-7DF0-487E-91EF-044ECABB58C9}.Debug|x64.ActiveCfg = Debug|Any CPU
		{70613D95-7DF0-487E-91EF-044ECABB58C9}.Debug|x64.Build.0 = Debug|Any CPU
		{70613D95-7DF0-487E-91EF-044ECABB58C9}.Debug|x86.ActiveCfg = Debug|Any CPU
		{70613D95-7DF0-487E-91EF-044ECABB58C9}.Debug|x86.Build.0 = Debug|Any CPU
		{70613D95-7DF0-487E-91EF-044ECABB58C9}.Release|Any CPU.ActiveCfg = Release|Any CPU
		{70613D95-7DF0-487E-91EF-044ECABB58C9}.Release|Any CPU.Build.0 = Release|Any CPU
		{70613D95-7DF0-487E-91EF-044ECABB58C9}.Release|x64.ActiveCfg = Release|Any CPU
		{70613D95-7DF0-487E-91EF-044ECABB58C9}.Release|x64.Build.0 = Release|Any CPU
		{70613D95-7DF0-487E-91EF-044ECABB58C9}.Release|x86.ActiveCfg = Release|Any CPU
		{70613D95-7DF0-487E-91EF-044ECABB58C9}.Release|x86.Build.0 = Release|Any CPU
		{A09262DC-9BBB-4B42-B0ED-EC2DDFCA26F2}.Debug|Any CPU.ActiveCfg = Debug|Any CPU
		{A09262DC-9BBB-4B42-B0ED-EC2DDFCA26F2}.Debug|Any CPU.Build.0 = Debug|Any CPU
		{A09262DC-9BBB-4B42-B0ED-EC2DDFCA26F2}.Debug|x64.ActiveCfg = Debug|Any CPU
		{A09262DC-9BBB-4B42-B0ED-EC2DDFCA26F2}.Debug|x64.Build.0 = Debug|Any CPU
		{A09262DC-9BBB-4B42-B0ED-EC2DDFCA26F2}.Debug|x86.ActiveCfg = Debug|Any CPU
		{A09262DC-9BBB-4B42-B0ED-EC2DDFCA26F2}.Debug|x86.Build.0 = Debug|Any CPU
		{A09262DC-9BBB-4B42-B0ED-EC2DDFCA26F2}.Release|Any CPU.ActiveCfg = Release|Any CPU
		{A09262DC-9BBB-4B42-B0ED-EC2DDFCA26F2}.Release|Any CPU.Build.0 = Release|Any CPU
		{A09262DC-9BBB-4B42-B0ED-EC2DDFCA26F2}.Release|x64.ActiveCfg = Release|Any CPU
		{A09262DC-9BBB-4B42-B0ED-EC2DDFCA26F2}.Release|x64.Build.0 = Release|Any CPU
		{A09262DC-9BBB-4B42-B0ED-EC2DDFCA26F2}.Release|x86.ActiveCfg = Release|Any CPU
		{A09262DC-9BBB-4B42-B0ED-EC2DDFCA26F2}.Release|x86.Build.0 = Release|Any CPU
		{5D212BC4-9825-45E1-AB8D-654A96D4ED44}.Debug|Any CPU.ActiveCfg = Debug|Any CPU
		{5D212BC4-9825-45E1-AB8D-654A96D4ED44}.Debug|Any CPU.Build.0 = Debug|Any CPU
		{5D212BC4-9825-45E1-AB8D-654A96D4ED44}.Debug|x64.ActiveCfg = Debug|Any CPU
		{5D212BC4-9825-45E1-AB8D-654A96D4ED44}.Debug|x64.Build.0 = Debug|Any CPU
		{5D212BC4-9825-45E1-AB8D-654A96D4ED44}.Debug|x86.ActiveCfg = Debug|Any CPU
		{5D212BC4-9825-45E1-AB8D-654A96D4ED44}.Debug|x86.Build.0 = Debug|Any CPU
		{5D212BC4-9825-45E1-AB8D-654A96D4ED44}.Release|Any CPU.ActiveCfg = Release|Any CPU
		{5D212BC4-9825-45E1-AB8D-654A96D4ED44}.Release|Any CPU.Build.0 = Release|Any CPU
		{5D212BC4-9825-45E1-AB8D-654A96D4ED44}.Release|x64.ActiveCfg = Release|Any CPU
		{5D212BC4-9825-45E1-AB8D-654A96D4ED44}.Release|x64.Build.0 = Release|Any CPU
		{5D212BC4-9825-45E1-AB8D-654A96D4ED44}.Release|x86.ActiveCfg = Release|Any CPU
		{5D212BC4-9825-45E1-AB8D-654A96D4ED44}.Release|x86.Build.0 = Release|Any CPU
		{88238264-AA01-4B89-A8EF-EFE34656A458}.Debug|Any CPU.ActiveCfg = Debug|Any CPU
		{88238264-AA01-4B89-A8EF-EFE34656A458}.Debug|Any CPU.Build.0 = Debug|Any CPU
		{88238264-AA01-4B89-A8EF-EFE34656A458}.Debug|x64.ActiveCfg = Debug|Any CPU
		{88238264-AA01-4B89-A8EF-EFE34656A458}.Debug|x64.Build.0 = Debug|Any CPU
		{88238264-AA01-4B89-A8EF-EFE34656A458}.Debug|x86.ActiveCfg = Debug|Any CPU
		{88238264-AA01-4B89-A8EF-EFE34656A458}.Debug|x86.Build.0 = Debug|Any CPU
		{88238264-AA01-4B89-A8EF-EFE34656A458}.Release|Any CPU.ActiveCfg = Release|Any CPU
		{88238264-AA01-4B89-A8EF-EFE34656A458}.Release|Any CPU.Build.0 = Release|Any CPU
		{88238264-AA01-4B89-A8EF-EFE34656A458}.Release|x64.ActiveCfg = Release|Any CPU
		{88238264-AA01-4B89-A8EF-EFE34656A458}.Release|x64.Build.0 = Release|Any CPU
		{88238264-AA01-4B89-A8EF-EFE34656A458}.Release|x86.ActiveCfg = Release|Any CPU
		{88238264-AA01-4B89-A8EF-EFE34656A458}.Release|x86.Build.0 = Release|Any CPU
	EndGlobalSection
	GlobalSection(SolutionProperties) = preSolution
		HideSolutionNode = FALSE
	EndGlobalSection
	GlobalSection(NestedProjects) = preSolution
		{5E2F29F6-360A-4E3D-B105-C5FAC7280FF7} = {827E0CD3-B72D-47B6-A68D-7590B98EB39B}
		{12ED8F87-1F77-4D61-A7F1-F18D0438F53C} = {827E0CD3-B72D-47B6-A68D-7590B98EB39B}
		{70613D95-7DF0-487E-91EF-044ECABB58C9} = {827E0CD3-B72D-47B6-A68D-7590B98EB39B}
		{A09262DC-9BBB-4B42-B0ED-EC2DDFCA26F2} = {827E0CD3-B72D-47B6-A68D-7590B98EB39B}
		{5D212BC4-9825-45E1-AB8D-654A96D4ED44} = {827E0CD3-B72D-47B6-A68D-7590B98EB39B}
		{88238264-AA01-4B89-A8EF-EFE34656A458} = {0C88DD14-F956-CE84-757C-A364CCF449FC}
	EndGlobalSection
EndGlobal
